
Microsoft Visual Studio Solution File, Format Version 12.00
# Visual Studio 2012
Project("{FAE04EC0-301F-11D3-BF4B-00C04F79EFBC}") = "BraspagApiConsole", "BraspagApiConsole\BraspagApiConsole.csproj", "{198EBC26-9B8D-4B7F-9493-7B45704CABBB}"
EndProject
Project("{FAE04EC0-301F-11D3-BF4B-00C04F79EFBC}") = "BraspagAPI", "BraspagAPI\BraspagAPI.csproj", "{7F9D1D41-398D-4143-99A9-A3C8AC173C1D}"
EndProject
Global
	GlobalSection(SolutionConfigurationPlatforms) = preSolution
		Debug|Any CPU = Debug|Any CPU
		Release|Any CPU = Release|Any CPU
	EndGlobalSection
	GlobalSection(ProjectConfigurationPlatforms) = postSolution
		{198EBC26-9B8D-4B7F-9493-7B45704CABBB}.Debug|Any CPU.ActiveCfg = Debug|Any CPU
		{198EBC26-9B8D-4B7F-9493-7B45704CABBB}.Debug|Any CPU.Build.0 = Debug|Any CPU
		{198EBC26-9B8D-4B7F-9493-7B45704CABBB}.Release|Any CPU.ActiveCfg = Release|Any CPU
		{198EBC26-9B8D-4B7F-9493-7B45704CABBB}.Release|Any CPU.Build.0 = Release|Any CPU
		{7F9D1D41-398D-4143-99A9-A3C8AC173C1D}.Debug|Any CPU.ActiveCfg = Debug|Any CPU
		{7F9D1D41-398D-4143-99A9-A3C8AC173C1D}.Debug|Any CPU.Build.0 = Debug|Any CPU
		{7F9D1D41-398D-4143-99A9-A3C8AC173C1D}.Release|Any CPU.ActiveCfg = Release|Any CPU
		{7F9D1D41-398D-4143-99A9-A3C8AC173C1D}.Release|Any CPU.Build.0 = Release|Any CPU
	EndGlobalSection
	GlobalSection(SolutionProperties) = preSolution
		HideSolutionNode = FALSE
	EndGlobalSection
EndGlobal
